
Microsoft Visual Studio Solution File, Format Version 12.00
# Visual Studio Version 17
VisualStudioVersion = 17.3.32901.215
MinimumVisualStudioVersion = 10.0.40219.1
Project("{9A19103F-16F7-4668-BE54-9A1E7A4F7556}") = "SVOIA_IGRA", "SVOIA_IGRA.csproj", "{660F42BE-E49B-4708-9F25-348C2D7C72EA}"
EndProject
Project("{9A19103F-16F7-4668-BE54-9A1E7A4F7556}") = "TESTCONSOLE", "..\TESTCONSOLE\TESTCONSOLE.csproj", "{A0C7A6B8-3614-457E-9A12-912259A6180D}"
EndProject
Project("{FAE04EC0-301F-11D3-BF4B-00C04F79EFBC}") = "WPFTEST", "..\WPFTEST\WPFTEST.csproj", "{61421A08-A8E7-47CB-AACC-0E4064B5DE28}"
EndProject
Global
	GlobalSection(SolutionConfigurationPlatforms) = preSolution
		Debug|Any CPU = Debug|Any CPU
		Release|Any CPU = Release|Any CPU
	EndGlobalSection
	GlobalSection(ProjectConfigurationPlatforms) = postSolution
		{660F42BE-E49B-4708-9F25-348C2D7C72EA}.Debug|Any CPU.ActiveCfg = Debug|Any CPU
		{660F42BE-E49B-4708-9F25-348C2D7C72EA}.Debug|Any CPU.Build.0 = Debug|Any CPU
		{660F42BE-E49B-4708-9F25-348C2D7C72EA}.Release|Any CPU.ActiveCfg = Release|Any CPU
		{660F42BE-E49B-4708-9F25-348C2D7C72EA}.Release|Any CPU.Build.0 = Release|Any CPU
		{A0C7A6B8-3614-457E-9A12-912259A6180D}.Debug|Any CPU.ActiveCfg = Debug|Any CPU
		{A0C7A6B8-3614-457E-9A12-912259A6180D}.Debug|Any CPU.Build.0 = Debug|Any CPU
		{A0C7A6B8-3614-457E-9A12-912259A6180D}.Release|Any CPU.ActiveCfg = Release|Any CPU
		{A0C7A6B8-3614-457E-9A12-912259A6180D}.Release|Any CPU.Build.0 = Release|Any CPU
		{61421A08-A8E7-47CB-AACC-0E4064B5DE28}.Debug|Any CPU.ActiveCfg = Debug|Any CPU
		{61421A08-A8E7-47CB-AACC-0E4064B5DE28}.Debug|Any CPU.Build.0 = Debug|Any CPU
		{61421A08-A8E7-47CB-AACC-0E4064B5DE28}.Release|Any CPU.ActiveCfg = Release|Any CPU
		{61421A08-A8E7-47CB-AACC-0E4064B5DE28}.Release|Any CPU.Build.0 = Release|Any CPU
	EndGlobalSection
	GlobalSection(SolutionProperties) = preSolution
		HideSolutionNode = FALSE
	EndGlobalSection
	GlobalSection(ExtensibilityGlobals) = postSolution
		SolutionGuid = {B01BA27E-4106-4E25-9312-D24374AF74CE}
	EndGlobalSection
EndGlobal
